
Microsoft Visual Studio Solution File, Format Version 12.00
# Visual Studio Version 17
VisualStudioVersion = 17.6.33815.320
MinimumVisualStudioVersion = 10.0.40219.1
Project("{FAE04EC0-301F-11D3-BF4B-00C04F79EFBC}") = "Exercício_6", "Exercício_6\Exercício_6.csproj", "{9EEFC6DC-8912-49D3-87E3-6B87D9A31A82}"
EndProject
Global
	GlobalSection(SolutionConfigurationPlatforms) = preSolution
		Debug|Any CPU = Debug|Any CPU
		Release|Any CPU = Release|Any CPU
	EndGlobalSection
	GlobalSection(ProjectConfigurationPlatforms) = postSolution
		{9EEFC6DC-8912-49D3-87E3-6B87D9A31A82}.Debug|Any CPU.ActiveCfg = Debug|Any CPU
		{9EEFC6DC-8912-49D3-87E3-6B87D9A31A82}.Debug|Any CPU.Build.0 = Debug|Any CPU
		{9EEFC6DC-8912-49D3-87E3-6B87D9A31A82}.Release|Any CPU.ActiveCfg = Release|Any CPU
		{9EEFC6DC-8912-49D3-87E3-6B87D9A31A82}.Release|Any CPU.Build.0 = Release|Any CPU
	EndGlobalSection
	GlobalSection(SolutionProperties) = preSolution
		HideSolutionNode = FALSE
	EndGlobalSection
	GlobalSection(ExtensibilityGlobals) = postSolution
		SolutionGuid = {A2C27DB7-BD02-4EAD-A61E-8FCF4D4D3283}
	EndGlobalSection
EndGlobal
