
Microsoft Visual Studio Solution File, Format Version 12.00
# Visual Studio Version 17
VisualStudioVersion = 17.6.33815.320
MinimumVisualStudioVersion = 10.0.40219.1
Project("{FAE04EC0-301F-11D3-BF4B-00C04F79EFBC}") = "Exercicio_5", "Exercicio_5\Exercicio_5.csproj", "{93C98413-5C90-4DFA-A1D1-A9AD306B81BE}"
EndProject
Global
	GlobalSection(SolutionConfigurationPlatforms) = preSolution
		Debug|Any CPU = Debug|Any CPU
		Release|Any CPU = Release|Any CPU
	EndGlobalSection
	GlobalSection(ProjectConfigurationPlatforms) = postSolution
		{93C98413-5C90-4DFA-A1D1-A9AD306B81BE}.Debug|Any CPU.ActiveCfg = Debug|Any CPU
		{93C98413-5C90-4DFA-A1D1-A9AD306B81BE}.Debug|Any CPU.Build.0 = Debug|Any CPU
		{93C98413-5C90-4DFA-A1D1-A9AD306B81BE}.Release|Any CPU.ActiveCfg = Release|Any CPU
		{93C98413-5C90-4DFA-A1D1-A9AD306B81BE}.Release|Any CPU.Build.0 = Release|Any CPU
	EndGlobalSection
	GlobalSection(SolutionProperties) = preSolution
		HideSolutionNode = FALSE
	EndGlobalSection
	GlobalSection(ExtensibilityGlobals) = postSolution
		SolutionGuid = {3347C466-F2B8-4295-9F5D-3EDB94AF492E}
	EndGlobalSection
EndGlobal
